// !$*UTF8*$!
{
	archiveVersion = 1;
	classes = {
	};
	objectVersion = 51;
	objects = {

/* Begin PBXBuildFile section */
		158CF447773CBD6351F4E5B7 /* Pods_Calculator.framework in Frameworks */ = {isa = PBXBuildFile; fileRef = 6FB3FB96132650C8C877DBED /* Pods_Calculator.framework */; };
		A8CA7644250402C500D1309F /* AppDelegate.swift in Sources */ = {isa = PBXBuildFile; fileRef = A8CA7643250402C500D1309F /* AppDelegate.swift */; };
		A8CA7646250402C500D1309F /* SceneDelegate.swift in Sources */ = {isa = PBXBuildFile; fileRef = A8CA7645250402C500D1309F /* SceneDelegate.swift */; };
		A8CA7648250402C500D1309F /* ViewController.swift in Sources */ = {isa = PBXBuildFile; fileRef = A8CA7647250402C500D1309F /* ViewController.swift */; };
		A8CA764B250402C500D1309F /* Main.storyboard in Resources */ = {isa = PBXBuildFile; fileRef = A8CA7649250402C500D1309F /* Main.storyboard */; };
		A8CA764D250402CA00D1309F /* Assets.xcassets in Resources */ = {isa = PBXBuildFile; fileRef = A8CA764C250402CA00D1309F /* Assets.xcassets */; };
		A8CA7650250402CA00D1309F /* LaunchScreen.storyboard in Resources */ = {isa = PBXBuildFile; fileRef = A8CA764E250402CA00D1309F /* LaunchScreen.storyboard */; };
		A8CA765B2504040400D1309F /* GoogleService-Info.plist in Resources */ = {isa = PBXBuildFile; fileRef = A8CA765A2504040400D1309F /* GoogleService-Info.plist */; };
		A8D6D6662504206E004E1A83 /* Utility.swift in Sources */ = {isa = PBXBuildFile; fileRef = A8D6D6652504206E004E1A83 /* Utility.swift */; };
/* End PBXBuildFile section */

/* Begin PBXFileReference section */
		620C2A98A52F31BE65DD36BA /* Pods-Calculator.debug.xcconfig */ = {isa = PBXFileReference; includeInIndex = 1; lastKnownFileType = text.xcconfig; name = "Pods-Calculator.debug.xcconfig"; path = "Target Support Files/Pods-Calculator/Pods-Calculator.debug.xcconfig"; sourceTree = "<group>"; };
		6FB3FB96132650C8C877DBED /* Pods_Calculator.framework */ = {isa = PBXFileReference; explicitFileType = wrapper.framework; includeInIndex = 0; path = Pods_Calculator.framework; sourceTree = BUILT_PRODUCTS_DIR; };
		82FD9D551A4F4BAA95C0186D /* Pods-Calculator.release.xcconfig */ = {isa = PBXFileReference; includeInIndex = 1; lastKnownFileType = text.xcconfig; name = "Pods-Calculator.release.xcconfig"; path = "Target Support Files/Pods-Calculator/Pods-Calculator.release.xcconfig"; sourceTree = "<group>"; };
		A86390DD250406E1004E52A5 /* FirebaseCore.framework */ = {isa = PBXFileReference; explicitFileType = wrapper.framework; path = FirebaseCore.framework; sourceTree = BUILT_PRODUCTS_DIR; };
		A86390DE250406E1004E52A5 /* FirebaseCoreDiagnostics.framework */ = {isa = PBXFileReference; explicitFileType = wrapper.framework; path = FirebaseCoreDiagnostics.framework; sourceTree = BUILT_PRODUCTS_DIR; };
		A86390DF250406E1004E52A5 /* FirebaseInstallations.framework */ = {isa = PBXFileReference; explicitFileType = wrapper.framework; path = FirebaseInstallations.framework; sourceTree = BUILT_PRODUCTS_DIR; };
		A8CA7640250402C500D1309F /* Calculator.app */ = {isa = PBXFileReference; explicitFileType = wrapper.application; includeInIndex = 0; path = Calculator.app; sourceTree = BUILT_PRODUCTS_DIR; };
		A8CA7643250402C500D1309F /* AppDelegate.swift */ = {isa = PBXFileReference; lastKnownFileType = sourcecode.swift; path = AppDelegate.swift; sourceTree = "<group>"; };
		A8CA7645250402C500D1309F /* SceneDelegate.swift */ = {isa = PBXFileReference; lastKnownFileType = sourcecode.swift; path = SceneDelegate.swift; sourceTree = "<group>"; };
		A8CA7647250402C500D1309F /* ViewController.swift */ = {isa = PBXFileReference; lastKnownFileType = sourcecode.swift; path = ViewController.swift; sourceTree = "<group>"; };
		A8CA764A250402C500D1309F /* Base */ = {isa = PBXFileReference; lastKnownFileType = file.storyboard; name = Base; path = Base.lproj/Main.storyboard; sourceTree = "<group>"; };
		A8CA764C250402CA00D1309F /* Assets.xcassets */ = {isa = PBXFileReference; lastKnownFileType = folder.assetcatalog; path = Assets.xcassets; sourceTree = "<group>"; };
		A8CA764F250402CA00D1309F /* Base */ = {isa = PBXFileReference; lastKnownFileType = file.storyboard; name = Base; path = Base.lproj/LaunchScreen.storyboard; sourceTree = "<group>"; };
		A8CA7651250402CA00D1309F /* Info.plist */ = {isa = PBXFileReference; lastKnownFileType = text.plist.xml; path = Info.plist; sourceTree = "<group>"; };
		A8CA765A2504040400D1309F /* GoogleService-Info.plist */ = {isa = PBXFileReference; lastKnownFileType = text.plist.xml; name = "GoogleService-Info.plist"; path = "Calculator/GoogleService-Info.plist"; sourceTree = SOURCE_ROOT; };
		A8D6D6652504206E004E1A83 /* Utility.swift */ = {isa = PBXFileReference; lastKnownFileType = sourcecode.swift; path = Utility.swift; sourceTree = "<group>"; };
/* End PBXFileReference section */

/* Begin PBXFrameworksBuildPhase section */
		A8CA763D250402C500D1309F /* Frameworks */ = {
			isa = PBXFrameworksBuildPhase;
			buildActionMask = 2147483647;
			files = (
				158CF447773CBD6351F4E5B7 /* Pods_Calculator.framework in Frameworks */,
			);
			runOnlyForDeploymentPostprocessing = 0;
		};
/* End PBXFrameworksBuildPhase section */

/* Begin PBXGroup section */
		4384517063D5C5601ADACD67 /* Frameworks */ = {
			isa = PBXGroup;
			children = (
				A86390DD250406E1004E52A5 /* FirebaseCore.framework */,
				A86390DE250406E1004E52A5 /* FirebaseCoreDiagnostics.framework */,
				A86390DF250406E1004E52A5 /* FirebaseInstallations.framework */,
				6FB3FB96132650C8C877DBED /* Pods_Calculator.framework */,
			);
			name = Frameworks;
			sourceTree = "<group>";
		};
		8CF02FC55BCCF89EC1C03336 /* Pods */ = {
			isa = PBXGroup;
			children = (
				620C2A98A52F31BE65DD36BA /* Pods-Calculator.debug.xcconfig */,
				82FD9D551A4F4BAA95C0186D /* Pods-Calculator.release.xcconfig */,
			);
			path = Pods;
			sourceTree = "<group>";
		};
		A8CA7637250402C500D1309F = {
			isa = PBXGroup;
			children = (
				A8CA7642250402C500D1309F /* Calculator */,
				A8CA7641250402C500D1309F /* Products */,
				8CF02FC55BCCF89EC1C03336 /* Pods */,
				4384517063D5C5601ADACD67 /* Frameworks */,
			);
			sourceTree = "<group>";
		};
		A8CA7641250402C500D1309F /* Products */ = {
			isa = PBXGroup;
			children = (
				A8CA7640250402C500D1309F /* Calculator.app */,
			);
			name = Products;
			sourceTree = "<group>";
		};
		A8CA7642250402C500D1309F /* Calculator */ = {
			isa = PBXGroup;
			children = (
				A8CA765A2504040400D1309F /* GoogleService-Info.plist */,
				A8D6D6642504201B004E1A83 /* Model */,
				A8CA7659250402F500D1309F /* Storyboards */,
				A8CA7658250402E600D1309F /* ViewControllers */,
				A8CA7657250402DD00D1309F /* Support */,
				A8CA764C250402CA00D1309F /* Assets.xcassets */,
			);
			path = Calculator;
			sourceTree = "<group>";
		};
		A8CA7657250402DD00D1309F /* Support */ = {
			isa = PBXGroup;
			children = (
				A8CA7643250402C500D1309F /* AppDelegate.swift */,
				A8CA7645250402C500D1309F /* SceneDelegate.swift */,
				A8CA7651250402CA00D1309F /* Info.plist */,
			);
			path = Support;
			sourceTree = "<group>";
		};
		A8CA7658250402E600D1309F /* ViewControllers */ = {
			isa = PBXGroup;
			children = (
				A8CA7647250402C500D1309F /* ViewController.swift */,
			);
			path = ViewControllers;
			sourceTree = "<group>";
		};
		A8CA7659250402F500D1309F /* Storyboards */ = {
			isa = PBXGroup;
			children = (
				A8CA7649250402C500D1309F /* Main.storyboard */,
				A8CA764E250402CA00D1309F /* LaunchScreen.storyboard */,
			);
			path = Storyboards;
			sourceTree = "<group>";
		};
		A8D6D6642504201B004E1A83 /* Model */ = {
			isa = PBXGroup;
			children = (
				A8D6D6652504206E004E1A83 /* Utility.swift */,
			);
			path = Model;
			sourceTree = "<group>";
		};
/* End PBXGroup section */

/* Begin PBXNativeTarget section */
		A8CA763F250402C500D1309F /* Calculator */ = {
			isa = PBXNativeTarget;
			buildConfigurationList = A8CA7654250402CA00D1309F /* Build configuration list for PBXNativeTarget "Calculator" */;
			buildPhases = (
				0DD5AA05268820B28B866771 /* [CP] Check Pods Manifest.lock */,
				A8CA763C250402C500D1309F /* Sources */,
				A8CA763D250402C500D1309F /* Frameworks */,
				A8CA763E250402C500D1309F /* Resources */,
				A7383D3ACC9D070C1A541C35 /* [CP] Embed Pods Frameworks */,
			);
			buildRules = (
			);
			dependencies = (
			);
			name = Calculator;
			productName = Calculator;
			productReference = A8CA7640250402C500D1309F /* Calculator.app */;
			productType = "com.apple.product-type.application";
		};
/* End PBXNativeTarget section */

/* Begin PBXProject section */
		A8CA7638250402C500D1309F /* Project object */ = {
			isa = PBXProject;
			attributes = {
				LastSwiftUpdateCheck = 1170;
				LastUpgradeCheck = 1170;
				ORGANIZATIONNAME = HMK;
				TargetAttributes = {
					A8CA763F250402C500D1309F = {
						CreatedOnToolsVersion = 11.7;
					};
				};
			};
			buildConfigurationList = A8CA763B250402C500D1309F /* Build configuration list for PBXProject "Calculator" */;
			compatibilityVersion = "Xcode 9.3";
			developmentRegion = en;
			hasScannedForEncodings = 0;
			knownRegions = (
				en,
				Base,
			);
			mainGroup = A8CA7637250402C500D1309F;
			productRefGroup = A8CA7641250402C500D1309F /* Products */;
			projectDirPath = "";
			projectRoot = "";
			targets = (
				A8CA763F250402C500D1309F /* Calculator */,
			);
		};
/* End PBXProject section */

/* Begin PBXResourcesBuildPhase section */
		A8CA763E250402C500D1309F /* Resources */ = {
			isa = PBXResourcesBuildPhase;
			buildActionMask = 2147483647;
			files = (
				A8CA7650250402CA00D1309F /* LaunchScreen.storyboard in Resources */,
				A8CA765B2504040400D1309F /* GoogleService-Info.plist in Resources */,
				A8CA764D250402CA00D1309F /* Assets.xcassets in Resources */,
				A8CA764B250402C500D1309F /* Main.storyboard in Resources */,
			);
			runOnlyForDeploymentPostprocessing = 0;
		};
/* End PBXResourcesBuildPhase section */

/* Begin PBXShellScriptBuildPhase section */
		0DD5AA05268820B28B866771 /* [CP] Check Pods Manifest.lock */ = {
			isa = PBXShellScriptBuildPhase;
			buildActionMask = 2147483647;
			files = (
			);
			inputFileListPaths = (
			);
			inputPaths = (
				"${PODS_PODFILE_DIR_PATH}/Podfile.lock",
				"${PODS_ROOT}/Manifest.lock",
			);
			name = "[CP] Check Pods Manifest.lock";
			outputFileListPaths = (
			);
			outputPaths = (
				"$(DERIVED_FILE_DIR)/Pods-Calculator-checkManifestLockResult.txt",
			);
			runOnlyForDeploymentPostprocessing = 0;
			shellPath = /bin/sh;
			shellScript = "diff \"${PODS_PODFILE_DIR_PATH}/Podfile.lock\" \"${PODS_ROOT}/Manifest.lock\" > /dev/null\nif [ $? != 0 ] ; then\n    # print error to STDERR\n    echo \"error: The sandbox is not in sync with the Podfile.lock. Run 'pod install' or update your CocoaPods installation.\" >&2\n    exit 1\nfi\n# This output is used by Xcode 'outputs' to avoid re-running this script phase.\necho \"SUCCESS\" > \"${SCRIPT_OUTPUT_FILE_0}\"\n";
			showEnvVarsInLog = 0;
		};
		A7383D3ACC9D070C1A541C35 /* [CP] Embed Pods Frameworks */ = {
			isa = PBXShellScriptBuildPhase;
			buildActionMask = 2147483647;
			files = (
			);
			inputFileListPaths = (
				"${PODS_ROOT}/Target Support Files/Pods-Calculator/Pods-Calculator-frameworks-${CONFIGURATION}-input-files.xcfilelist",
			);
			name = "[CP] Embed Pods Frameworks";
			outputFileListPaths = (
				"${PODS_ROOT}/Target Support Files/Pods-Calculator/Pods-Calculator-frameworks-${CONFIGURATION}-output-files.xcfilelist",
			);
			runOnlyForDeploymentPostprocessing = 0;
			shellPath = /bin/sh;
			shellScript = "\"${PODS_ROOT}/Target Support Files/Pods-Calculator/Pods-Calculator-frameworks.sh\"\n";
			showEnvVarsInLog = 0;
		};
/* End PBXShellScriptBuildPhase section */

/* Begin PBXSourcesBuildPhase section */
		A8CA763C250402C500D1309F /* Sources */ = {
			isa = PBXSourcesBuildPhase;
			buildActionMask = 2147483647;
			files = (
				A8D6D6662504206E004E1A83 /* Utility.swift in Sources */,
				A8CA7648250402C500D1309F /* ViewController.swift in Sources */,
				A8CA7644250402C500D1309F /* AppDelegate.swift in Sources */,
				A8CA7646250402C500D1309F /* SceneDelegate.swift in Sources */,
			);
			runOnlyForDeploymentPostprocessing = 0;
		};
/* End PBXSourcesBuildPhase section */

/* Begin PBXVariantGroup section */
		A8CA7649250402C500D1309F /* Main.storyboard */ = {
			isa = PBXVariantGroup;
			children = (
				A8CA764A250402C500D1309F /* Base */,
			);
			name = Main.storyboard;
			sourceTree = "<group>";
		};
		A8CA764E250402CA00D1309F /* LaunchScreen.storyboard */ = {
			isa = PBXVariantGroup;
			children = (
				A8CA764F250402CA00D1309F /* Base */,
			);
			name = LaunchScreen.storyboard;
			sourceTree = "<group>";
		};
/* End PBXVariantGroup section */

/* Begin XCBuildConfiguration section */
		A8CA7652250402CA00D1309F /* Debug */ = {
			isa = XCBuildConfiguration;
			buildSettings = {
				ALWAYS_SEARCH_USER_PATHS = NO;
				CLANG_ANALYZER_NONNULL = YES;
				CLANG_ANALYZER_NUMBER_OBJECT_CONVERSION = YES_AGGRESSIVE;
				CLANG_CXX_LANGUAGE_STANDARD = "gnu++14";
				CLANG_CXX_LIBRARY = "libc++";
				CLANG_ENABLE_MODULES = YES;
				CLANG_ENABLE_OBJC_ARC = YES;
				CLANG_ENABLE_OBJC_WEAK = YES;
				CLANG_WARN_BLOCK_CAPTURE_AUTORELEASING = YES;
				CLANG_WARN_BOOL_CONVERSION = YES;
				CLANG_WARN_COMMA = YES;
				CLANG_WARN_CONSTANT_CONVERSION = YES;
				CLANG_WARN_DEPRECATED_OBJC_IMPLEMENTATIONS = YES;
				CLANG_WARN_DIRECT_OBJC_ISA_USAGE = YES_ERROR;
				CLANG_WARN_DOCUMENTATION_COMMENTS = YES;
				CLANG_WARN_EMPTY_BODY = YES;
				CLANG_WARN_ENUM_CONVERSION = YES;
				CLANG_WARN_INFINITE_RECURSION = YES;
				CLANG_WARN_INT_CONVERSION = YES;
				CLANG_WARN_NON_LITERAL_NULL_CONVERSION = YES;
				CLANG_WARN_OBJC_IMPLICIT_RETAIN_SELF = YES;
				CLANG_WARN_OBJC_LITERAL_CONVERSION = YES;
				CLANG_WARN_OBJC_ROOT_CLASS = YES_ERROR;
				CLANG_WARN_RANGE_LOOP_ANALYSIS = YES;
				CLANG_WARN_STRICT_PROTOTYPES = YES;
				CLANG_WARN_SUSPICIOUS_MOVE = YES;
				CLANG_WARN_UNGUARDED_AVAILABILITY = YES_AGGRESSIVE;
				CLANG_WARN_UNREACHABLE_CODE = YES;
				CLANG_WARN__DUPLICATE_METHOD_MATCH = YES;
				COPY_PHASE_STRIP = NO;
				DEBUG_INFORMATION_FORMAT = dwarf;
				ENABLE_STRICT_OBJC_MSGSEND = YES;
				ENABLE_TESTABILITY = YES;
				GCC_C_LANGUAGE_STANDARD = gnu11;
				GCC_DYNAMIC_NO_PIC = NO;
				GCC_NO_COMMON_BLOCKS = YES;
				GCC_OPTIMIZATION_LEVEL = 0;
				GCC_PREPROCESSOR_DEFINITIONS = (
					"DEBUG=1",
					"$(inherited)",
				);
				GCC_WARN_64_TO_32_BIT_CONVERSION = YES;
				GCC_WARN_ABOUT_RETURN_TYPE = YES_ERROR;
				GCC_WARN_UNDECLARED_SELECTOR = YES;
				GCC_WARN_UNINITIALIZED_AUTOS = YES_AGGRESSIVE;
				GCC_WARN_UNUSED_FUNCTION = YES;
				GCC_WARN_UNUSED_VARIABLE = YES;
				IPHONEOS_DEPLOYMENT_TARGET = 11.0;
				MTL_ENABLE_DEBUG_INFO = INCLUDE_SOURCE;
				MTL_FAST_MATH = YES;
				ONLY_ACTIVE_ARCH = YES;
				SDKROOT = iphoneos;
				SWIFT_ACTIVE_COMPILATION_CONDITIONS = DEBUG;
				SWIFT_OPTIMIZATION_LEVEL = "-Onone";
			};
			name = Debug;
		};
		A8CA7653250402CA00D1309F /* Release */ = {
			isa = XCBuildConfiguration;
			buildSettings = {
				ALWAYS_SEARCH_USER_PATHS = NO;
				CLANG_ANALYZER_NONNULL = YES;
				CLANG_ANALYZER_NUMBER_OBJECT_CONVERSION = YES_AGGRESSIVE;
				CLANG_CXX_LANGUAGE_STANDARD = "gnu++14";
				CLANG_CXX_LIBRARY = "libc++";
				CLANG_ENABLE_MODULES = YES;
				CLANG_ENABLE_OBJC_ARC = YES;
				CLANG_ENABLE_OBJC_WEAK = YES;
				CLANG_WARN_BLOCK_CAPTURE_AUTORELEASING = YES;
				CLANG_WARN_BOOL_CONVERSION = YES;
				CLANG_WARN_COMMA = YES;
				CLANG_WARN_CONSTANT_CONVERSION = YES;
				CLANG_WARN_DEPRECATED_OBJC_IMPLEMENTATIONS = YES;
				CLANG_WARN_DIRECT_OBJC_ISA_USAGE = YES_ERROR;
				CLANG_WARN_DOCUMENTATION_COMMENTS = YES;
				CLANG_WARN_EMPTY_BODY = YES;
				CLANG_WARN_ENUM_CONVERSION = YES;
				CLANG_WARN_INFINITE_RECURSION = YES;
				CLANG_WARN_INT_CONVERSION = YES;
				CLANG_WARN_NON_LITERAL_NULL_CONVERSION = YES;
				CLANG_WARN_OBJC_IMPLICIT_RETAIN_SELF = YES;
				CLANG_WARN_OBJC_LITERAL_CONVERSION = YES;
				CLANG_WARN_OBJC_ROOT_CLASS = YES_ERROR;
				CLANG_WARN_RANGE_LOOP_ANALYSIS = YES;
				CLANG_WARN_STRICT_PROTOTYPES = YES;
				CLANG_WARN_SUSPICIOUS_MOVE = YES;
				CLANG_WARN_UNGUARDED_AVAILABILITY = YES_AGGRESSIVE;
				CLANG_WARN_UNREACHABLE_CODE = YES;
				CLANG_WARN__DUPLICATE_METHOD_MATCH = YES;
				COPY_PHASE_STRIP = NO;
				DEBUG_INFORMATION_FORMAT = "dwarf-with-dsym";
				ENABLE_NS_ASSERTIONS = NO;
				ENABLE_STRICT_OBJC_MSGSEND = YES;
				GCC_C_LANGUAGE_STANDARD = gnu11;
				GCC_NO_COMMON_BLOCKS = YES;
				GCC_WARN_64_TO_32_BIT_CONVERSION = YES;
				GCC_WARN_ABOUT_RETURN_TYPE = YES_ERROR;
				GCC_WARN_UNDECLARED_SELECTOR = YES;
				GCC_WARN_UNINITIALIZED_AUTOS = YES_AGGRESSIVE;
				GCC_WARN_UNUSED_FUNCTION = YES;
				GCC_WARN_UNUSED_VARIABLE = YES;
				IPHONEOS_DEPLOYMENT_TARGET = 11.0;
				MTL_ENABLE_DEBUG_INFO = NO;
				MTL_FAST_MATH = YES;
				SDKROOT = iphoneos;
				SWIFT_COMPILATION_MODE = wholemodule;
				SWIFT_OPTIMIZATION_LEVEL = "-O";
				VALIDATE_PRODUCT = YES;
			};
			name = Release;
		};
		A8CA7655250402CA00D1309F /* Debug */ = {
			isa = XCBuildConfiguration;
			baseConfigurationReference = 620C2A98A52F31BE65DD36BA /* Pods-Calculator.debug.xcconfig */;
			buildSettings = {
				ASSETCATALOG_COMPILER_APPICON_NAME = AppIcon;
				CODE_SIGN_STYLE = Automatic;
				CURRENT_PROJECT_VERSION = 1.0;
				DEVELOPMENT_TEAM = 8E4J7WREBP;
				INFOPLIST_FILE = "$(SRCROOT)/Calculator/Support/Info.plist";
				LD_RUNPATH_SEARCH_PATHS = (
					"$(inherited)",
					"@executable_path/Frameworks",
				);
				MARKETING_VERSION = 1.0;
				PRODUCT_BUNDLE_IDENTIFIER = com.HMK.calculator.Calculator;
				PRODUCT_NAME = "$(TARGET_NAME)";
				SWIFT_VERSION = 5.0;
				TARGETED_DEVICE_FAMILY = "1,2";
			};
			name = Debug;
		};
		A8CA7656250402CA00D1309F /* Release */ = {
			isa = XCBuildConfiguration;
			baseConfigurationReference = 82FD9D551A4F4BAA95C0186D /* Pods-Calculator.release.xcconfig */;
			buildSettings = {
				ASSETCATALOG_COMPILER_APPICON_NAME = AppIcon;
				CODE_SIGN_STYLE = Automatic;
				CURRENT_PROJECT_VERSION = 1.0;
				DEVELOPMENT_TEAM = 8E4J7WREBP;
				INFOPLIST_FILE = "$(SRCROOT)/Calculator/Support/Info.plist";
				LD_RUNPATH_SEARCH_PATHS = (
					"$(inherited)",
					"@executable_path/Frameworks",
				);
				MARKETING_VERSION = 1.0;
				PRODUCT_BUNDLE_IDENTIFIER = com.HMK.calculator.Calculator;
				PRODUCT_NAME = "$(TARGET_NAME)";
				SWIFT_VERSION = 5.0;
				TARGETED_DEVICE_FAMILY = "1,2";
			};
			name = Release;
		};
/* End XCBuildConfiguration section */

/* Begin XCConfigurationList section */
		A8CA763B250402C500D1309F /* Build configuration list for PBXProject "Calculator" */ = {
			isa = XCConfigurationList;
			buildConfigurations = (
				A8CA7652250402CA00D1309F /* Debug */,
				A8CA7653250402CA00D1309F /* Release */,
			);
			defaultConfigurationIsVisible = 0;
			defaultConfigurationName = Release;
		};
		A8CA7654250402CA00D1309F /* Build configuration list for PBXNativeTarget "Calculator" */ = {
			isa = XCConfigurationList;
			buildConfigurations = (
				A8CA7655250402CA00D1309F /* Debug */,
				A8CA7656250402CA00D1309F /* Release */,
			);
			defaultConfigurationIsVisible = 0;
			defaultConfigurationName = Release;
		};
/* End XCConfigurationList section */
	};
	rootObject = A8CA7638250402C500D1309F /* Project object */;
}
